// !$*UTF8*$!
{
	archiveVersion = 1;
	classes = {
	};
	objectVersion = 46;
	objects = {

/* Begin PBXBuildFile section */
		ABBC8C3A1992A194008F3153 /* Foundation.framework in Frameworks */ = {isa = PBXBuildFile; fileRef = ABBC8C391992A194008F3153 /* Foundation.framework */; };
		ABBC8C3C1992A194008F3153 /* CoreGraphics.framework in Frameworks */ = {isa = PBXBuildFile; fileRef = ABBC8C3B1992A194008F3153 /* CoreGraphics.framework */; };
		ABBC8C3E1992A194008F3153 /* UIKit.framework in Frameworks */ = {isa = PBXBuildFile; fileRef = ABBC8C3D1992A194008F3153 /* UIKit.framework */; };
		ABBC8C441992A194008F3153 /* InfoPlist.strings in Resources */ = {isa = PBXBuildFile; fileRef = ABBC8C421992A194008F3153 /* InfoPlist.strings */; };
		ABBC8C461992A194008F3153 /* main.m in Sources */ = {isa = PBXBuildFile; fileRef = ABBC8C451992A194008F3153 /* main.m */; };
		ABBC8C4A1992A194008F3153 /* ARAppDelegate.m in Sources */ = {isa = PBXBuildFile; fileRef = ABBC8C491992A194008F3153 /* ARAppDelegate.m */; };
		ABBC8C4D1992A194008F3153 /* Main.storyboard in Resources */ = {isa = PBXBuildFile; fileRef = ABBC8C4B1992A194008F3153 /* Main.storyboard */; };
		ABBC8C501992A194008F3153 /* ARViewController.m in Sources */ = {isa = PBXBuildFile; fileRef = ABBC8C4F1992A194008F3153 /* ARViewController.m */; };
		ABBC8C521992A194008F3153 /* Images.xcassets in Resources */ = {isa = PBXBuildFile; fileRef = ABBC8C511992A194008F3153 /* Images.xcassets */; };
		ABBC8C591992A194008F3153 /* XCTest.framework in Frameworks */ = {isa = PBXBuildFile; fileRef = ABBC8C581992A194008F3153 /* XCTest.framework */; };
		ABBC8C5A1992A195008F3153 /* Foundation.framework in Frameworks */ = {isa = PBXBuildFile; fileRef = ABBC8C391992A194008F3153 /* Foundation.framework */; };
		ABBC8C5B1992A195008F3153 /* UIKit.framework in Frameworks */ = {isa = PBXBuildFile; fileRef = ABBC8C3D1992A194008F3153 /* UIKit.framework */; };
		ABBC8C631992A195008F3153 /* InfoPlist.strings in Resources */ = {isa = PBXBuildFile; fileRef = ABBC8C611992A195008F3153 /* InfoPlist.strings */; };
		ABBC8C651992A195008F3153 /* ARCameraViewTests.m in Sources */ = {isa = PBXBuildFile; fileRef = ABBC8C641992A195008F3153 /* ARCameraViewTests.m */; };
/* End PBXBuildFile section */

/* Begin PBXContainerItemProxy section */
		ABBC8C5C1992A195008F3153 /* PBXContainerItemProxy */ = {
			isa = PBXContainerItemProxy;
			containerPortal = ABBC8C2E1992A194008F3153 /* Project object */;
			proxyType = 1;
			remoteGlobalIDString = ABBC8C351992A194008F3153;
			remoteInfo = ARCameraView;
		};
/* End PBXContainerItemProxy section */

/* Begin PBXFileReference section */
		ABBC8C361992A194008F3153 /* ARCameraView.app */ = {isa = PBXFileReference; explicitFileType = wrapper.application; includeInIndex = 0; path = ARCameraView.app; sourceTree = BUILT_PRODUCTS_DIR; };
		ABBC8C391992A194008F3153 /* Foundation.framework */ = {isa = PBXFileReference; lastKnownFileType = wrapper.framework; name = Foundation.framework; path = System/Library/Frameworks/Foundation.framework; sourceTree = SDKROOT; };
		ABBC8C3B1992A194008F3153 /* CoreGraphics.framework */ = {isa = PBXFileReference; lastKnownFileType = wrapper.framework; name = CoreGraphics.framework; path = System/Library/Frameworks/CoreGraphics.framework; sourceTree = SDKROOT; };
		ABBC8C3D1992A194008F3153 /* UIKit.framework */ = {isa = PBXFileReference; lastKnownFileType = wrapper.framework; name = UIKit.framework; path = System/Library/Frameworks/UIKit.framework; sourceTree = SDKROOT; };
		ABBC8C411992A194008F3153 /* ARCameraView-Info.plist */ = {isa = PBXFileReference; lastKnownFileType = text.plist.xml; path = "ARCameraView-Info.plist"; sourceTree = "<group>"; };
		ABBC8C431992A194008F3153 /* en */ = {isa = PBXFileReference; lastKnownFileType = text.plist.strings; name = en; path = en.lproj/InfoPlist.strings; sourceTree = "<group>"; };
		ABBC8C451992A194008F3153 /* main.m */ = {isa = PBXFileReference; lastKnownFileType = sourcecode.c.objc; path = main.m; sourceTree = "<group>"; };
		ABBC8C471992A194008F3153 /* ARCameraView-Prefix.pch */ = {isa = PBXFileReference; lastKnownFileType = sourcecode.c.h; path = "ARCameraView-Prefix.pch"; sourceTree = "<group>"; };
		ABBC8C481992A194008F3153 /* ARAppDelegate.h */ = {isa = PBXFileReference; lastKnownFileType = sourcecode.c.h; path = ARAppDelegate.h; sourceTree = "<group>"; };
		ABBC8C491992A194008F3153 /* ARAppDelegate.m */ = {isa = PBXFileReference; lastKnownFileType = sourcecode.c.objc; path = ARAppDelegate.m; sourceTree = "<group>"; };
		ABBC8C4C1992A194008F3153 /* Base */ = {isa = PBXFileReference; lastKnownFileType = file.storyboard; name = Base; path = Base.lproj/Main.storyboard; sourceTree = "<group>"; };
		ABBC8C4E1992A194008F3153 /* ARViewController.h */ = {isa = PBXFileReference; lastKnownFileType = sourcecode.c.h; path = ARViewController.h; sourceTree = "<group>"; };
		ABBC8C4F1992A194008F3153 /* ARViewController.m */ = {isa = PBXFileReference; lastKnownFileType = sourcecode.c.objc; path = ARViewController.m; sourceTree = "<group>"; };
		ABBC8C511992A194008F3153 /* Images.xcassets */ = {isa = PBXFileReference; lastKnownFileType = folder.assetcatalog; path = Images.xcassets; sourceTree = "<group>"; };
		ABBC8C571992A194008F3153 /* ARCameraViewTests.xctest */ = {isa = PBXFileReference; explicitFileType = wrapper.cfbundle; includeInIndex = 0; path = ARCameraViewTests.xctest; sourceTree = BUILT_PRODUCTS_DIR; };
		ABBC8C581992A194008F3153 /* XCTest.framework */ = {isa = PBXFileReference; lastKnownFileType = wrapper.framework; name = XCTest.framework; path = Library/Frameworks/XCTest.framework; sourceTree = DEVELOPER_DIR; };
		ABBC8C601992A195008F3153 /* ARCameraViewTests-Info.plist */ = {isa = PBXFileReference; lastKnownFileType = text.plist.xml; path = "ARCameraViewTests-Info.plist"; sourceTree = "<group>"; };
		ABBC8C621992A195008F3153 /* en */ = {isa = PBXFileReference; lastKnownFileType = text.plist.strings; name = en; path = en.lproj/InfoPlist.strings; sourceTree = "<group>"; };
		ABBC8C641992A195008F3153 /* ARCameraViewTests.m */ = {isa = PBXFileReference; lastKnownFileType = sourcecode.c.objc; path = ARCameraViewTests.m; sourceTree = "<group>"; };
/* End PBXFileReference section */

/* Begin PBXFrameworksBuildPhase section */
		ABBC8C331992A194008F3153 /* Frameworks */ = {
			isa = PBXFrameworksBuildPhase;
			buildActionMask = 2147483647;
			files = (
				ABBC8C3C1992A194008F3153 /* CoreGraphics.framework in Frameworks */,
				ABBC8C3E1992A194008F3153 /* UIKit.framework in Frameworks */,
				ABBC8C3A1992A194008F3153 /* Foundation.framework in Frameworks */,
			);
			runOnlyForDeploymentPostprocessing = 0;
		};
		ABBC8C541992A194008F3153 /* Frameworks */ = {
			isa = PBXFrameworksBuildPhase;
			buildActionMask = 2147483647;
			files = (
				ABBC8C591992A194008F3153 /* XCTest.framework in Frameworks */,
				ABBC8C5B1992A195008F3153 /* UIKit.framework in Frameworks */,
				ABBC8C5A1992A195008F3153 /* Foundation.framework in Frameworks */,
			);
			runOnlyForDeploymentPostprocessing = 0;
		};
/* End PBXFrameworksBuildPhase section */

/* Begin PBXGroup section */
		ABBC8C2D1992A194008F3153 = {
			isa = PBXGroup;
			children = (
				ABBC8C3F1992A194008F3153 /* ARCameraView */,
				ABBC8C5E1992A195008F3153 /* ARCameraViewTests */,
				ABBC8C381992A194008F3153 /* Frameworks */,
				ABBC8C371992A194008F3153 /* Products */,
			);
			sourceTree = "<group>";
		};
		ABBC8C371992A194008F3153 /* Products */ = {
			isa = PBXGroup;
			children = (
				ABBC8C361992A194008F3153 /* ARCameraView.app */,
				ABBC8C571992A194008F3153 /* ARCameraViewTests.xctest */,
			);
			name = Products;
			sourceTree = "<group>";
		};
		ABBC8C381992A194008F3153 /* Frameworks */ = {
			isa = PBXGroup;
			children = (
				ABBC8C391992A194008F3153 /* Foundation.framework */,
				ABBC8C3B1992A194008F3153 /* CoreGraphics.framework */,
				ABBC8C3D1992A194008F3153 /* UIKit.framework */,
				ABBC8C581992A194008F3153 /* XCTest.framework */,
			);
			name = Frameworks;
			sourceTree = "<group>";
		};
		ABBC8C3F1992A194008F3153 /* ARCameraView */ = {
			isa = PBXGroup;
			children = (
				ABBC8C481992A194008F3153 /* ARAppDelegate.h */,
				ABBC8C491992A194008F3153 /* ARAppDelegate.m */,
				ABBC8C4B1992A194008F3153 /* Main.storyboard */,
				ABBC8C4E1992A194008F3153 /* ARViewController.h */,
				ABBC8C4F1992A194008F3153 /* ARViewController.m */,
				ABBC8C511992A194008F3153 /* Images.xcassets */,
				ABBC8C401992A194008F3153 /* Supporting Files */,
			);
			path = ARCameraView;
			sourceTree = "<group>";
		};
		ABBC8C401992A194008F3153 /* Supporting Files */ = {
			isa = PBXGroup;
			children = (
				ABBC8C411992A194008F3153 /* ARCameraView-Info.plist */,
				ABBC8C421992A194008F3153 /* InfoPlist.strings */,
				ABBC8C451992A194008F3153 /* main.m */,
				ABBC8C471992A194008F3153 /* ARCameraView-Prefix.pch */,
			);
			name = "Supporting Files";
			sourceTree = "<group>";
		};
		ABBC8C5E1992A195008F3153 /* ARCameraViewTests */ = {
			isa = PBXGroup;
			children = (
				ABBC8C641992A195008F3153 /* ARCameraViewTests.m */,
				ABBC8C5F1992A195008F3153 /* Supporting Files */,
			);
			path = ARCameraViewTests;
			sourceTree = "<group>";
		};
		ABBC8C5F1992A195008F3153 /* Supporting Files */ = {
			isa = PBXGroup;
			children = (
				ABBC8C601992A195008F3153 /* ARCameraViewTests-Info.plist */,
				ABBC8C611992A195008F3153 /* InfoPlist.strings */,
			);
			name = "Supporting Files";
			sourceTree = "<group>";
		};
/* End PBXGroup section */

/* Begin PBXNativeTarget section */
		ABBC8C351992A194008F3153 /* ARCameraView */ = {
			isa = PBXNativeTarget;
			buildConfigurationList = ABBC8C681992A195008F3153 /* Build configuration list for PBXNativeTarget "ARCameraView" */;
			buildPhases = (
				ABBC8C321992A194008F3153 /* Sources */,
				ABBC8C331992A194008F3153 /* Frameworks */,
				ABBC8C341992A194008F3153 /* Resources */,
			);
			buildRules = (
			);
			dependencies = (
			);
			name = ARCameraView;
			productName = ARCameraView;
			productReference = ABBC8C361992A194008F3153 /* ARCameraView.app */;
			productType = "com.apple.product-type.application";
		};
		ABBC8C561992A194008F3153 /* ARCameraViewTests */ = {
			isa = PBXNativeTarget;
			buildConfigurationList = ABBC8C6B1992A195008F3153 /* Build configuration list for PBXNativeTarget "ARCameraViewTests" */;
			buildPhases = (
				ABBC8C531992A194008F3153 /* Sources */,
				ABBC8C541992A194008F3153 /* Frameworks */,
				ABBC8C551992A194008F3153 /* Resources */,
			);
			buildRules = (
			);
			dependencies = (
				ABBC8C5D1992A195008F3153 /* PBXTargetDependency */,
			);
			name = ARCameraViewTests;
			productName = ARCameraViewTests;
			productReference = ABBC8C571992A194008F3153 /* ARCameraViewTests.xctest */;
			productType = "com.apple.product-type.bundle.unit-test";
		};
/* End PBXNativeTarget section */

/* Begin PBXProject section */
		ABBC8C2E1992A194008F3153 /* Project object */ = {
			isa = PBXProject;
			attributes = {
				CLASSPREFIX = AR;
				LastUpgradeCheck = 0510;
				ORGANIZATIONNAME = "Adrian Russell";
				TargetAttributes = {
					ABBC8C561992A194008F3153 = {
						TestTargetID = ABBC8C351992A194008F3153;
					};
				};
			};
			buildConfigurationList = ABBC8C311992A194008F3153 /* Build configuration list for PBXProject "ARCameraView" */;
			compatibilityVersion = "Xcode 3.2";
			developmentRegion = English;
			hasScannedForEncodings = 0;
			knownRegions = (
				en,
				Base,
			);
			mainGroup = ABBC8C2D1992A194008F3153;
			productRefGroup = ABBC8C371992A194008F3153 /* Products */;
			projectDirPath = "";
			projectRoot = "";
			targets = (
				ABBC8C351992A194008F3153 /* ARCameraView */,
				ABBC8C561992A194008F3153 /* ARCameraViewTests */,
			);
		};
/* End PBXProject section */

/* Begin PBXResourcesBuildPhase section */
		ABBC8C341992A194008F3153 /* Resources */ = {
			isa = PBXResourcesBuildPhase;
			buildActionMask = 2147483647;
			files = (
				ABBC8C521992A194008F3153 /* Images.xcassets in Resources */,
				ABBC8C441992A194008F3153 /* InfoPlist.strings in Resources */,
				ABBC8C4D1992A194008F3153 /* Main.storyboard in Resources */,
			);
			runOnlyForDeploymentPostprocessing = 0;
		};
		ABBC8C551992A194008F3153 /* Resources */ = {
			isa = PBXResourcesBuildPhase;
			buildActionMask = 2147483647;
			files = (
				ABBC8C631992A195008F3153 /* InfoPlist.strings in Resources */,
			);
			runOnlyForDeploymentPostprocessing = 0;
		};
/* End PBXResourcesBuildPhase section */

/* Begin PBXSourcesBuildPhase section */
		ABBC8C321992A194008F3153 /* Sources */ = {
			isa = PBXSourcesBuildPhase;
			buildActionMask = 2147483647;
			files = (
				ABBC8C461992A194008F3153 /* main.m in Sources */,
				ABBC8C501992A194008F3153 /* ARViewController.m in Sources */,
				ABBC8C4A1992A194008F3153 /* ARAppDelegate.m in Sources */,
			);
			runOnlyForDeploymentPostprocessing = 0;
		};
		ABBC8C531992A194008F3153 /* Sources */ = {
			isa = PBXSourcesBuildPhase;
			buildActionMask = 2147483647;
			files = (
				ABBC8C651992A195008F3153 /* ARCameraViewTests.m in Sources */,
			);
			runOnlyForDeploymentPostprocessing = 0;
		};
/* End PBXSourcesBuildPhase section */

/* Begin PBXTargetDependency section */
		ABBC8C5D1992A195008F3153 /* PBXTargetDependency */ = {
			isa = PBXTargetDependency;
			target = ABBC8C351992A194008F3153 /* ARCameraView */;
			targetProxy = ABBC8C5C1992A195008F3153 /* PBXContainerItemProxy */;
		};
/* End PBXTargetDependency section */

/* Begin PBXVariantGroup section */
		ABBC8C421992A194008F3153 /* InfoPlist.strings */ = {
			isa = PBXVariantGroup;
			children = (
				ABBC8C431992A194008F3153 /* en */,
			);
			name = InfoPlist.strings;
			sourceTree = "<group>";
		};
		ABBC8C4B1992A194008F3153 /* Main.storyboard */ = {
			isa = PBXVariantGroup;
			children = (
				ABBC8C4C1992A194008F3153 /* Base */,
			);
			name = Main.storyboard;
			sourceTree = "<group>";
		};
		ABBC8C611992A195008F3153 /* InfoPlist.strings */ = {
			isa = PBXVariantGroup;
			children = (
				ABBC8C621992A195008F3153 /* en */,
			);
			name = InfoPlist.strings;
			sourceTree = "<group>";
		};
/* End PBXVariantGroup section */

/* Begin XCBuildConfiguration section */
		ABBC8C661992A195008F3153 /* Debug */ = {
			isa = XCBuildConfiguration;
			buildSettings = {
				ALWAYS_SEARCH_USER_PATHS = NO;
				CLANG_CXX_LANGUAGE_STANDARD = "gnu++0x";
				CLANG_CXX_LIBRARY = "libc++";
				CLANG_ENABLE_MODULES = YES;
				CLANG_ENABLE_OBJC_ARC = YES;
				CLANG_WARN_BOOL_CONVERSION = YES;
				CLANG_WARN_CONSTANT_CONVERSION = YES;
				CLANG_WARN_DIRECT_OBJC_ISA_USAGE = YES_ERROR;
				CLANG_WARN_EMPTY_BODY = YES;
				CLANG_WARN_ENUM_CONVERSION = YES;
				CLANG_WARN_INT_CONVERSION = YES;
				CLANG_WARN_OBJC_ROOT_CLASS = YES_ERROR;
				CLANG_WARN__DUPLICATE_METHOD_MATCH = YES;
				"CODE_SIGN_IDENTITY[sdk=iphoneos*]" = "iPhone Developer";
				COPY_PHASE_STRIP = NO;
				GCC_C_LANGUAGE_STANDARD = gnu99;
				GCC_DYNAMIC_NO_PIC = NO;
				GCC_OPTIMIZATION_LEVEL = 0;
				GCC_PREPROCESSOR_DEFINITIONS = (
					"DEBUG=1",
					"$(inherited)",
				);
				GCC_SYMBOLS_PRIVATE_EXTERN = NO;
				GCC_WARN_64_TO_32_BIT_CONVERSION = YES;
				GCC_WARN_ABOUT_RETURN_TYPE = YES_ERROR;
				GCC_WARN_UNDECLARED_SELECTOR = YES;
				GCC_WARN_UNINITIALIZED_AUTOS = YES_AGGRESSIVE;
				GCC_WARN_UNUSED_FUNCTION = YES;
				GCC_WARN_UNUSED_VARIABLE = YES;
				IPHONEOS_DEPLOYMENT_TARGET = 7.1;
				ONLY_ACTIVE_ARCH = YES;
				SDKROOT = iphoneos;
				TARGETED_DEVICE_FAMILY = 2;
			};
			name = Debug;
		};
		ABBC8C671992A195008F3153 /* Release */ = {
			isa = XCBuildConfiguration;
			buildSettings = {
				ALWAYS_SEARCH_USER_PATHS = NO;
				CLANG_CXX_LANGUAGE_STANDARD = "gnu++0x";
				CLANG_CXX_LIBRARY = "libc++";
				CLANG_ENABLE_MODULES = YES;
				CLANG_ENABLE_OBJC_ARC = YES;
				CLANG_WARN_BOOL_CONVERSION = YES;
				CLANG_WARN_CONSTANT_CONVERSION = YES;
				CLANG_WARN_DIRECT_OBJC_ISA_USAGE = YES_ERROR;
				CLANG_WARN_EMPTY_BODY = YES;
				CLANG_WARN_ENUM_CONVERSION = YES;
				CLANG_WARN_INT_CONVERSION = YES;
				CLANG_WARN_OBJC_ROOT_CLASS = YES_ERROR;
				CLANG_WARN__DUPLICATE_METHOD_MATCH = YES;
				"CODE_SIGN_IDENTITY[sdk=iphoneos*]" = "iPhone Developer";
				COPY_PHASE_STRIP = YES;
				ENABLE_NS_ASSERTIONS = NO;
				GCC_C_LANGUAGE_STANDARD = gnu99;
				GCC_WARN_64_TO_32_BIT_CONVERSION = YES;
				GCC_WARN_ABOUT_RETURN_TYPE = YES_ERROR;
				GCC_WARN_UNDECLARED_SELECTOR = YES;
				GCC_WARN_UNINITIALIZED_AUTOS = YES_AGGRESSIVE;
				GCC_WARN_UNUSED_FUNCTION = YES;
				GCC_WARN_UNUSED_VARIABLE = YES;
				IPHONEOS_DEPLOYMENT_TARGET = 7.1;
				SDKROOT = iphoneos;
				TARGETED_DEVICE_FAMILY = 2;
				VALIDATE_PRODUCT = YES;
			};
			name = Release;
		};
		ABBC8C691992A195008F3153 /* Debug */ = {
			isa = XCBuildConfiguration;
			buildSettings = {
				ASSETCATALOG_COMPILER_APPICON_NAME = AppIcon;
				ASSETCATALOG_COMPILER_LAUNCHIMAGE_NAME = LaunchImage;
				GCC_PRECOMPILE_PREFIX_HEADER = YES;
				GCC_PREFIX_HEADER = "ARCameraView/ARCameraView-Prefix.pch";
				INFOPLIST_FILE = "ARCameraView/ARCameraView-Info.plist";
				PRODUCT_NAME = "$(TARGET_NAME)";
				WRAPPER_EXTENSION = app;
			};
			name = Debug;
		};
		ABBC8C6A1992A195008F3153 /* Release */ = {
			isa = XCBuildConfiguration;
			buildSettings = {
				ASSETCATALOG_COMPILER_APPICON_NAME = AppIcon;
				ASSETCATALOG_COMPILER_LAUNCHIMAGE_NAME = LaunchImage;
				GCC_PRECOMPILE_PREFIX_HEADER = YES;
				GCC_PREFIX_HEADER = "ARCameraView/ARCameraView-Prefix.pch";
				INFOPLIST_FILE = "ARCameraView/ARCameraView-Info.plist";
				PRODUCT_NAME = "$(TARGET_NAME)";
				WRAPPER_EXTENSION = app;
			};
			name = Release;
		};
		ABBC8C6C1992A195008F3153 /* Debug */ = {
			isa = XCBuildConfiguration;
			buildSettings = {
				BUNDLE_LOADER = "$(BUILT_PRODUCTS_DIR)/ARCameraView.app/ARCameraView";
				FRAMEWORK_SEARCH_PATHS = (
					"$(SDKROOT)/Developer/Library/Frameworks",
					"$(inherited)",
					"$(DEVELOPER_FRAMEWORKS_DIR)",
				);
				GCC_PRECOMPILE_PREFIX_HEADER = YES;
				GCC_PREFIX_HEADER = "ARCameraView/ARCameraView-Prefix.pch";
				GCC_PREPROCESSOR_DEFINITIONS = (
					"DEBUG=1",
					"$(inherited)",
				);
				INFOPLIST_FILE = "ARCameraViewTests/ARCameraViewTests-Info.plist";
				PRODUCT_NAME = "$(TARGET_NAME)";
				TEST_HOST = "$(BUNDLE_LOADER)";
				WRAPPER_EXTENSION = xctest;
			};
			name = Debug;
		};
		ABBC8C6D1992A195008F3153 /* Release */ = {
			isa = XCBuildConfiguration;
			buildSettings = {
				BUNDLE_LOADER = "$(BUILT_PRODUCTS_DIR)/ARCameraView.app/ARCameraView";
				FRAMEWORK_SEARCH_PATHS = (
					"$(SDKROOT)/Developer/Library/Frameworks",
					"$(inherited)",
					"$(DEVELOPER_FRAMEWORKS_DIR)",
				);
				GCC_PRECOMPILE_PREFIX_HEADER = YES;
				GCC_PREFIX_HEADER = "ARCameraView/ARCameraView-Prefix.pch";
				INFOPLIST_FILE = "ARCameraViewTests/ARCameraViewTests-Info.plist";
				PRODUCT_NAME = "$(TARGET_NAME)";
				TEST_HOST = "$(BUNDLE_LOADER)";
				WRAPPER_EXTENSION = xctest;
			};
			name = Release;
		};
/* End XCBuildConfiguration section */

/* Begin XCConfigurationList section */
		ABBC8C311992A194008F3153 /* Build configuration list for PBXProject "ARCameraView" */ = {
			isa = XCConfigurationList;
			buildConfigurations = (
				ABBC8C661992A195008F3153 /* Debug */,
				ABBC8C671992A195008F3153 /* Release */,
			);
			defaultConfigurationIsVisible = 0;
			defaultConfigurationName = Release;
		};
		ABBC8C681992A195008F3153 /* Build configuration list for PBXNativeTarget "ARCameraView" */ = {
			isa = XCConfigurationList;
			buildConfigurations = (
				ABBC8C691992A195008F3153 /* Debug */,
				ABBC8C6A1992A195008F3153 /* Release */,
			);
			defaultConfigurationIsVisible = 0;
		};
		ABBC8C6B1992A195008F3153 /* Build configuration list for PBXNativeTarget "ARCameraViewTests" */ = {
			isa = XCConfigurationList;
			buildConfigurations = (
				ABBC8C6C1992A195008F3153 /* Debug */,
				ABBC8C6D1992A195008F3153 /* Release */,
			);
			defaultConfigurationIsVisible = 0;
		};
/* End XCConfigurationList section */
	};
	rootObject = ABBC8C2E1992A194008F3153 /* Project object */;
}
