// !$*UTF8*$!
{
	archiveVersion = 1;
	classes = {
	};
	objectVersion = 46;
	objects = {

/* Begin PBXBuildFile section */
		ABBC8C3A1992A194008F3153 /* Foundation.framework in Frameworks */ = {isa = PBXBuildFile; fileRef = ABBC8C391992A194008F3153 /* Foundation.framework */; };
		ABBC8C3C1992A194008F3153 /* CoreGraphics.framework in Frameworks */ = {isa = PBXBuildFile; fileRef = ABBC8C3B1992A194008F3153 /* CoreGraphics.framework */; };
		ABBC8C3E1992A194008F3153 /* UIKit.framework in Frameworks */ = {isa = PBXBuildFile; fileRef = ABBC8C3D1992A194008F3153 /* UIKit.framework */; };
		ABBC8C441992A194008F3153 /* InfoPlist.strings in Resources */ = {isa = PBXBuildFile; fileRef = ABBC8C421992A194008F3153 /* InfoPlist.strings */; };
		ABBC8C461992A194008F3153 /* main.m in Sources */ = {isa = PBXBuildFile; fileRef = ABBC8C451992A194008F3153 /* main.m */; };
		ABBC8C4A1992A194008F3153 /* ARAppDelegate.m in Sources */ = {isa = PBXBuildFile; fileRef = ABBC8C491992A194008F3153 /* ARAppDelegate.m */; };
		ABBC8C501992A194008F3153 /* ARViewController.m in Sources */ = {isa = PBXBuildFile; fileRef = ABBC8C4F1992A194008F3153 /* ARViewController.m */; };
		ABBC8C521992A194008F3153 /* Images.xcassets in Resources */ = {isa = PBXBuildFile; fileRef = ABBC8C511992A194008F3153 /* Images.xcassets */; };
		ABBC8C751992A226008F3153 /* ARCameraButton.m in Sources */ = {isa = PBXBuildFile; fileRef = ABBC8C701992A226008F3153 /* ARCameraButton.m */; };
		ABBC8C761992A226008F3153 /* ARCameraView.m in Sources */ = {isa = PBXBuildFile; fileRef = ABBC8C721992A226008F3153 /* ARCameraView.m */; };
		ABBC8C771992A226008F3153 /* AVCamCaptureManager.m in Sources */ = {isa = PBXBuildFile; fileRef = ABBC8C741992A226008F3153 /* AVCamCaptureManager.m */; };
		ABBC8C7A199403E6008F3153 /* UIImage+AspectResize.m in Sources */ = {isa = PBXBuildFile; fileRef = ABBC8C79199403E6008F3153 /* UIImage+AspectResize.m */; };
		ABBC8C801994F528008F3153 /* Main.storyboard in Resources */ = {isa = PBXBuildFile; fileRef = ABBC8C4B1992A194008F3153 /* Main.storyboard */; };
		ABBC8C811994F528008F3153 /* Main-iPhone.storyboard in Resources */ = {isa = PBXBuildFile; fileRef = ABBC8C7F1994F26B008F3153 /* Main-iPhone.storyboard */; };
/* End PBXBuildFile section */

/* Begin PBXFileReference section */
		ABBC8C361992A194008F3153 /* ARCameraView.app */ = {isa = PBXFileReference; explicitFileType = wrapper.application; includeInIndex = 0; path = ARCameraView.app; sourceTree = BUILT_PRODUCTS_DIR; };
		ABBC8C391992A194008F3153 /* Foundation.framework */ = {isa = PBXFileReference; lastKnownFileType = wrapper.framework; name = Foundation.framework; path = System/Library/Frameworks/Foundation.framework; sourceTree = SDKROOT; };
		ABBC8C3B1992A194008F3153 /* CoreGraphics.framework */ = {isa = PBXFileReference; lastKnownFileType = wrapper.framework; name = CoreGraphics.framework; path = System/Library/Frameworks/CoreGraphics.framework; sourceTree = SDKROOT; };
		ABBC8C3D1992A194008F3153 /* UIKit.framework */ = {isa = PBXFileReference; lastKnownFileType = wrapper.framework; name = UIKit.framework; path = System/Library/Frameworks/UIKit.framework; sourceTree = SDKROOT; };
		ABBC8C411992A194008F3153 /* ARCameraView-Info.plist */ = {isa = PBXFileReference; lastKnownFileType = text.plist.xml; path = "ARCameraView-Info.plist"; sourceTree = "<group>"; };
		ABBC8C431992A194008F3153 /* en */ = {isa = PBXFileReference; lastKnownFileType = text.plist.strings; name = en; path = en.lproj/InfoPlist.strings; sourceTree = "<group>"; };
		ABBC8C451992A194008F3153 /* main.m */ = {isa = PBXFileReference; lastKnownFileType = sourcecode.c.objc; path = main.m; sourceTree = "<group>"; };
		ABBC8C471992A194008F3153 /* ARCameraView-Prefix.pch */ = {isa = PBXFileReference; lastKnownFileType = sourcecode.c.h; path = "ARCameraView-Prefix.pch"; sourceTree = "<group>"; };
		ABBC8C481992A194008F3153 /* ARAppDelegate.h */ = {isa = PBXFileReference; lastKnownFileType = sourcecode.c.h; path = ARAppDelegate.h; sourceTree = "<group>"; };
		ABBC8C491992A194008F3153 /* ARAppDelegate.m */ = {isa = PBXFileReference; lastKnownFileType = sourcecode.c.objc; path = ARAppDelegate.m; sourceTree = "<group>"; };
		ABBC8C4C1992A194008F3153 /* Base */ = {isa = PBXFileReference; lastKnownFileType = file.storyboard; name = Base; path = Base.lproj/Main.storyboard; sourceTree = "<group>"; };
		ABBC8C4E1992A194008F3153 /* ARViewController.h */ = {isa = PBXFileReference; lastKnownFileType = sourcecode.c.h; path = ARViewController.h; sourceTree = "<group>"; };
		ABBC8C4F1992A194008F3153 /* ARViewController.m */ = {isa = PBXFileReference; lastKnownFileType = sourcecode.c.objc; path = ARViewController.m; sourceTree = "<group>"; };
		ABBC8C511992A194008F3153 /* Images.xcassets */ = {isa = PBXFileReference; lastKnownFileType = folder.assetcatalog; path = Images.xcassets; sourceTree = "<group>"; };
		ABBC8C6F1992A226008F3153 /* ARCameraButton.h */ = {isa = PBXFileReference; fileEncoding = 4; lastKnownFileType = sourcecode.c.h; path = ARCameraButton.h; sourceTree = "<group>"; };
		ABBC8C701992A226008F3153 /* ARCameraButton.m */ = {isa = PBXFileReference; fileEncoding = 4; lastKnownFileType = sourcecode.c.objc; path = ARCameraButton.m; sourceTree = "<group>"; };
		ABBC8C711992A226008F3153 /* ARCameraView.h */ = {isa = PBXFileReference; fileEncoding = 4; lastKnownFileType = sourcecode.c.h; path = ARCameraView.h; sourceTree = "<group>"; };
		ABBC8C721992A226008F3153 /* ARCameraView.m */ = {isa = PBXFileReference; fileEncoding = 4; lastKnownFileType = sourcecode.c.objc; path = ARCameraView.m; sourceTree = "<group>"; };
		ABBC8C731992A226008F3153 /* AVCamCaptureManager.h */ = {isa = PBXFileReference; fileEncoding = 4; lastKnownFileType = sourcecode.c.h; path = AVCamCaptureManager.h; sourceTree = "<group>"; };
		ABBC8C741992A226008F3153 /* AVCamCaptureManager.m */ = {isa = PBXFileReference; fileEncoding = 4; lastKnownFileType = sourcecode.c.objc; path = AVCamCaptureManager.m; sourceTree = "<group>"; };
		ABBC8C78199403E6008F3153 /* UIImage+AspectResize.h */ = {isa = PBXFileReference; fileEncoding = 4; lastKnownFileType = sourcecode.c.h; path = "UIImage+AspectResize.h"; sourceTree = "<group>"; };
		ABBC8C79199403E6008F3153 /* UIImage+AspectResize.m */ = {isa = PBXFileReference; fileEncoding = 4; lastKnownFileType = sourcecode.c.objc; path = "UIImage+AspectResize.m"; sourceTree = "<group>"; };
		ABBC8C7E1994F26B008F3153 /* Base */ = {isa = PBXFileReference; lastKnownFileType = file.storyboard; name = Base; path = "Base.lproj/Main-iPhone.storyboard"; sourceTree = "<group>"; };
/* End PBXFileReference section */

/* Begin PBXFrameworksBuildPhase section */
		ABBC8C331992A194008F3153 /* Frameworks */ = {
			isa = PBXFrameworksBuildPhase;
			buildActionMask = 2147483647;
			files = (
				ABBC8C3C1992A194008F3153 /* CoreGraphics.framework in Frameworks */,
				ABBC8C3E1992A194008F3153 /* UIKit.framework in Frameworks */,
				ABBC8C3A1992A194008F3153 /* Foundation.framework in Frameworks */,
			);
			runOnlyForDeploymentPostprocessing = 0;
		};
/* End PBXFrameworksBuildPhase section */

/* Begin PBXGroup section */
		ABBC8C2D1992A194008F3153 = {
			isa = PBXGroup;
			children = (
				ABBC8C3F1992A194008F3153 /* ARCameraView */,
				ABBC8C381992A194008F3153 /* Frameworks */,
				ABBC8C371992A194008F3153 /* Products */,
			);
			sourceTree = "<group>";
		};
		ABBC8C371992A194008F3153 /* Products */ = {
			isa = PBXGroup;
			children = (
				ABBC8C361992A194008F3153 /* ARCameraView.app */,
			);
			name = Products;
			sourceTree = "<group>";
		};
		ABBC8C381992A194008F3153 /* Frameworks */ = {
			isa = PBXGroup;
			children = (
				ABBC8C391992A194008F3153 /* Foundation.framework */,
				ABBC8C3B1992A194008F3153 /* CoreGraphics.framework */,
				ABBC8C3D1992A194008F3153 /* UIKit.framework */,
			);
			name = Frameworks;
			sourceTree = "<group>";
		};
		ABBC8C3F1992A194008F3153 /* ARCameraView */ = {
			isa = PBXGroup;
			children = (
				ABBC8C481992A194008F3153 /* ARAppDelegate.h */,
				ABBC8C491992A194008F3153 /* ARAppDelegate.m */,
				ABBC8C4B1992A194008F3153 /* Main.storyboard */,
				ABBC8C7F1994F26B008F3153 /* Main-iPhone.storyboard */,
				ABBC8C4E1992A194008F3153 /* ARViewController.h */,
				ABBC8C4F1992A194008F3153 /* ARViewController.m */,
				ABBC8C6E1992A226008F3153 /* Camera View */,
				ABBC8C511992A194008F3153 /* Images.xcassets */,
				ABBC8C401992A194008F3153 /* Supporting Files */,
			);
			name = ARCameraView;
			path = "ARCameraView Demo";
			sourceTree = "<group>";
		};
		ABBC8C401992A194008F3153 /* Supporting Files */ = {
			isa = PBXGroup;
			children = (
				ABBC8C411992A194008F3153 /* ARCameraView-Info.plist */,
				ABBC8C421992A194008F3153 /* InfoPlist.strings */,
				ABBC8C451992A194008F3153 /* main.m */,
				ABBC8C471992A194008F3153 /* ARCameraView-Prefix.pch */,
			);
			name = "Supporting Files";
			sourceTree = "<group>";
		};
		ABBC8C6E1992A226008F3153 /* Camera View */ = {
			isa = PBXGroup;
			children = (
				ABBC8C6F1992A226008F3153 /* ARCameraButton.h */,
				ABBC8C701992A226008F3153 /* ARCameraButton.m */,
				ABBC8C711992A226008F3153 /* ARCameraView.h */,
				ABBC8C721992A226008F3153 /* ARCameraView.m */,
				ABBC8C731992A226008F3153 /* AVCamCaptureManager.h */,
				ABBC8C741992A226008F3153 /* AVCamCaptureManager.m */,
				ABBC8C78199403E6008F3153 /* UIImage+AspectResize.h */,
				ABBC8C79199403E6008F3153 /* UIImage+AspectResize.m */,
			);
			name = "Camera View";
			path = ../ARCameraView;
			sourceTree = "<group>";
		};
/* End PBXGroup section */

/* Begin PBXNativeTarget section */
		ABBC8C351992A194008F3153 /* ARCameraView */ = {
			isa = PBXNativeTarget;
			buildConfigurationList = ABBC8C681992A195008F3153 /* Build configuration list for PBXNativeTarget "ARCameraView" */;
			buildPhases = (
				ABBC8C321992A194008F3153 /* Sources */,
				ABBC8C331992A194008F3153 /* Frameworks */,
				ABBC8C341992A194008F3153 /* Resources */,
			);
			buildRules = (
			);
			dependencies = (
			);
			name = ARCameraView;
			productName = ARCameraView;
			productReference = ABBC8C361992A194008F3153 /* ARCameraView.app */;
			productType = "com.apple.product-type.application";
		};
/* End PBXNativeTarget section */

/* Begin PBXProject section */
		ABBC8C2E1992A194008F3153 /* Project object */ = {
			isa = PBXProject;
			attributes = {
				CLASSPREFIX = AR;
				LastUpgradeCheck = 0800;
				ORGANIZATIONNAME = "Adrian Russell";
			};
			buildConfigurationList = ABBC8C311992A194008F3153 /* Build configuration list for PBXProject "ARCameraView" */;
			compatibilityVersion = "Xcode 3.2";
			developmentRegion = English;
			hasScannedForEncodings = 0;
			knownRegions = (
				en,
				Base,
			);
			mainGroup = ABBC8C2D1992A194008F3153;
			productRefGroup = ABBC8C371992A194008F3153 /* Products */;
			projectDirPath = "";
			projectRoot = "";
			targets = (
				ABBC8C351992A194008F3153 /* ARCameraView */,
			);
		};
/* End PBXProject section */

/* Begin PBXResourcesBuildPhase section */
		ABBC8C341992A194008F3153 /* Resources */ = {
			isa = PBXResourcesBuildPhase;
			buildActionMask = 2147483647;
			files = (
				ABBC8C801994F528008F3153 /* Main.storyboard in Resources */,
				ABBC8C811994F528008F3153 /* Main-iPhone.storyboard in Resources */,
				ABBC8C521992A194008F3153 /* Images.xcassets in Resources */,
				ABBC8C441992A194008F3153 /* InfoPlist.strings in Resources */,
			);
			runOnlyForDeploymentPostprocessing = 0;
		};
/* End PBXResourcesBuildPhase section */

/* Begin PBXSourcesBuildPhase section */
		ABBC8C321992A194008F3153 /* Sources */ = {
			isa = PBXSourcesBuildPhase;
			buildActionMask = 2147483647;
			files = (
				ABBC8C461992A194008F3153 /* main.m in Sources */,
				ABBC8C771992A226008F3153 /* AVCamCaptureManager.m in Sources */,
				ABBC8C7A199403E6008F3153 /* UIImage+AspectResize.m in Sources */,
				ABBC8C501992A194008F3153 /* ARViewController.m in Sources */,
				ABBC8C761992A226008F3153 /* ARCameraView.m in Sources */,
				ABBC8C4A1992A194008F3153 /* ARAppDelegate.m in Sources */,
				ABBC8C751992A226008F3153 /* ARCameraButton.m in Sources */,
			);
			runOnlyForDeploymentPostprocessing = 0;
		};
/* End PBXSourcesBuildPhase section */

/* Begin PBXVariantGroup section */
		ABBC8C421992A194008F3153 /* InfoPlist.strings */ = {
			isa = PBXVariantGroup;
			children = (
				ABBC8C431992A194008F3153 /* en */,
			);
			name = InfoPlist.strings;
			sourceTree = "<group>";
		};
		ABBC8C4B1992A194008F3153 /* Main.storyboard */ = {
			isa = PBXVariantGroup;
			children = (
				ABBC8C4C1992A194008F3153 /* Base */,
			);
			name = Main.storyboard;
			sourceTree = "<group>";
		};
		ABBC8C7F1994F26B008F3153 /* Main-iPhone.storyboard */ = {
			isa = PBXVariantGroup;
			children = (
				ABBC8C7E1994F26B008F3153 /* Base */,
			);
			name = "Main-iPhone.storyboard";
			sourceTree = "<group>";
		};
/* End PBXVariantGroup section */

/* Begin XCBuildConfiguration section */
		ABBC8C661992A195008F3153 /* Debug */ = {
			isa = XCBuildConfiguration;
			buildSettings = {
				ALWAYS_SEARCH_USER_PATHS = NO;
				CLANG_CXX_LANGUAGE_STANDARD = "gnu++0x";
				CLANG_CXX_LIBRARY = "libc++";
				CLANG_ENABLE_MODULES = YES;
				CLANG_ENABLE_OBJC_ARC = YES;
				CLANG_WARN_BOOL_CONVERSION = YES;
				CLANG_WARN_CONSTANT_CONVERSION = YES;
				CLANG_WARN_DIRECT_OBJC_ISA_USAGE = YES_ERROR;
				CLANG_WARN_EMPTY_BODY = YES;
				CLANG_WARN_ENUM_CONVERSION = YES;
				CLANG_WARN_INFINITE_RECURSION = YES;
				CLANG_WARN_INT_CONVERSION = YES;
				CLANG_WARN_OBJC_ROOT_CLASS = YES_ERROR;
				CLANG_WARN_SUSPICIOUS_MOVE = YES;
				CLANG_WARN_UNREACHABLE_CODE = YES;
				CLANG_WARN__DUPLICATE_METHOD_MATCH = YES;
				"CODE_SIGN_IDENTITY[sdk=iphoneos*]" = "iPhone Developer";
				COPY_PHASE_STRIP = NO;
				ENABLE_STRICT_OBJC_MSGSEND = YES;
				ENABLE_TESTABILITY = YES;
				GCC_C_LANGUAGE_STANDARD = gnu99;
				GCC_DYNAMIC_NO_PIC = NO;
				GCC_NO_COMMON_BLOCKS = YES;
				GCC_OPTIMIZATION_LEVEL = 0;
				GCC_PREPROCESSOR_DEFINITIONS = (
					"DEBUG=1",
					"$(inherited)",
				);
				GCC_SYMBOLS_PRIVATE_EXTERN = NO;
				GCC_WARN_64_TO_32_BIT_CONVERSION = YES;
				GCC_WARN_ABOUT_RETURN_TYPE = YES_ERROR;
				GCC_WARN_UNDECLARED_SELECTOR = YES;
				GCC_WARN_UNINITIALIZED_AUTOS = YES_AGGRESSIVE;
				GCC_WARN_UNUSED_FUNCTION = YES;
				GCC_WARN_UNUSED_VARIABLE = YES;
				IPHONEOS_DEPLOYMENT_TARGET = 7.0;
				ONLY_ACTIVE_ARCH = YES;
				SDKROOT = iphoneos;
				TARGETED_DEVICE_FAMILY = 2;
			};
			name = Debug;
		};
		ABBC8C671992A195008F3153 /* Release */ = {
			isa = XCBuildConfiguration;
			buildSettings = {
				ALWAYS_SEARCH_USER_PATHS = NO;
				CLANG_CXX_LANGUAGE_STANDARD = "gnu++0x";
				CLANG_CXX_LIBRARY = "libc++";
				CLANG_ENABLE_MODULES = YES;
				CLANG_ENABLE_OBJC_ARC = YES;
				CLANG_WARN_BOOL_CONVERSION = YES;
				CLANG_WARN_CONSTANT_CONVERSION = YES;
				CLANG_WARN_DIRECT_OBJC_ISA_USAGE = YES_ERROR;
				CLANG_WARN_EMPTY_BODY = YES;
				CLANG_WARN_ENUM_CONVERSION = YES;
				CLANG_WARN_INFINITE_RECURSION = YES;
				CLANG_WARN_INT_CONVERSION = YES;
				CLANG_WARN_OBJC_ROOT_CLASS = YES_ERROR;
				CLANG_WARN_SUSPICIOUS_MOVE = YES;
				CLANG_WARN_UNREACHABLE_CODE = YES;
				CLANG_WARN__DUPLICATE_METHOD_MATCH = YES;
				"CODE_SIGN_IDENTITY[sdk=iphoneos*]" = "iPhone Developer";
				COPY_PHASE_STRIP = YES;
				ENABLE_NS_ASSERTIONS = NO;
				ENABLE_STRICT_OBJC_MSGSEND = YES;
				GCC_C_LANGUAGE_STANDARD = gnu99;
				GCC_NO_COMMON_BLOCKS = YES;
				GCC_WARN_64_TO_32_BIT_CONVERSION = YES;
				GCC_WARN_ABOUT_RETURN_TYPE = YES_ERROR;
				GCC_WARN_UNDECLARED_SELECTOR = YES;
				GCC_WARN_UNINITIALIZED_AUTOS = YES_AGGRESSIVE;
				GCC_WARN_UNUSED_FUNCTION = YES;
				GCC_WARN_UNUSED_VARIABLE = YES;
				IPHONEOS_DEPLOYMENT_TARGET = 7.0;
				SDKROOT = iphoneos;
				TARGETED_DEVICE_FAMILY = 2;
				VALIDATE_PRODUCT = YES;
			};
			name = Release;
		};
		ABBC8C691992A195008F3153 /* Debug */ = {
			isa = XCBuildConfiguration;
			buildSettings = {
				ASSETCATALOG_COMPILER_APPICON_NAME = AppIcon;
				ASSETCATALOG_COMPILER_LAUNCHIMAGE_NAME = LaunchImage;
				CODE_SIGN_IDENTITY = "iPhone Developer";
				"CODE_SIGN_IDENTITY[sdk=iphoneos*]" = "iPhone Developer";
				GCC_PRECOMPILE_PREFIX_HEADER = YES;
				GCC_PREFIX_HEADER = "ARCameraView Demo/ARCameraView-Prefix.pch";
				INFOPLIST_FILE = "ARCameraView Demo/ARCameraView-Info.plist";
				PRODUCT_BUNDLE_IDENTIFIER = "com.adrianrussell.${PRODUCT_NAME:rfc1034identifier}";
				PRODUCT_NAME = "$(TARGET_NAME)";
				PROVISIONING_PROFILE = "";
				TARGETED_DEVICE_FAMILY = "1,2";
				WRAPPER_EXTENSION = app;
			};
			name = Debug;
		};
		ABBC8C6A1992A195008F3153 /* Release */ = {
			isa = XCBuildConfiguration;
			buildSettings = {
				ASSETCATALOG_COMPILER_APPICON_NAME = AppIcon;
				ASSETCATALOG_COMPILER_LAUNCHIMAGE_NAME = LaunchImage;
				CODE_SIGN_IDENTITY = "iPhone Developer";
				"CODE_SIGN_IDENTITY[sdk=iphoneos*]" = "iPhone Developer";
				GCC_PRECOMPILE_PREFIX_HEADER = YES;
				GCC_PREFIX_HEADER = "ARCameraView Demo/ARCameraView-Prefix.pch";
				INFOPLIST_FILE = "ARCameraView Demo/ARCameraView-Info.plist";
				PRODUCT_BUNDLE_IDENTIFIER = "com.adrianrussell.${PRODUCT_NAME:rfc1034identifier}";
				PRODUCT_NAME = "$(TARGET_NAME)";
				PROVISIONING_PROFILE = "";
				TARGETED_DEVICE_FAMILY = "1,2";
				WRAPPER_EXTENSION = app;
			};
			name = Release;
		};
/* End XCBuildConfiguration section */

/* Begin XCConfigurationList section */
		ABBC8C311992A194008F3153 /* Build configuration list for PBXProject "ARCameraView" */ = {
			isa = XCConfigurationList;
			buildConfigurations = (
				ABBC8C661992A195008F3153 /* Debug */,
				ABBC8C671992A195008F3153 /* Release */,
			);
			defaultConfigurationIsVisible = 0;
			defaultConfigurationName = Release;
		};
		ABBC8C681992A195008F3153 /* Build configuration list for PBXNativeTarget "ARCameraView" */ = {
			isa = XCConfigurationList;
			buildConfigurations = (
				ABBC8C691992A195008F3153 /* Debug */,
				ABBC8C6A1992A195008F3153 /* Release */,
			);
			defaultConfigurationIsVisible = 0;
			defaultConfigurationName = Release;
		};
/* End XCConfigurationList section */
	};
	rootObject = ABBC8C2E1992A194008F3153 /* Project object */;
}
